{
  "name": "pmt-cli",
  "version": "1.0.14",
  "lockfileVersion": 2,
  "requires": true,
  "packages": {
    "": {
      "name": "pmt-cli",
      "version": "1.0.14",
      "license": "ISC",
      "dependencies": {
        "chalk": "^5.2.0",
        "commander": "^10.0.0",
        "ini": "^3.0.1",
        "node-fetch": "^3.3.0",
        "pmt-cli": "^1.0.5"
      },
      "bin": {
        "pmt": "bin/index.js"
      }
    },
    "node_modules/chalk": {
      "version": "5.2.0",
      "resolved": "https://registry.npmmirror.com/chalk/-/chalk-5.2.0.tgz",
      "integrity": "sha512-ree3Gqw/nazQAPuJJEy+avdl7QfZMcUvmHIKgEZkGL+xOBzRvup5Hxo6LHuMceSxOabuJLJm5Yp/92R9eMmMvA==",
      "license": "MIT",
      "engines": {
        "node": "^12.17.0 || ^14.13 || >=16.0.0"
      },
      "funding": {
        "url": "https://github.com/chalk/chalk?sponsor=1"
      }
    },
    "node_modules/commander": {
      "version": "10.0.0",
      "resolved": "https://registry.npmmirror.com/commander/-/commander-10.0.0.tgz",
      "integrity": "sha512-zS5PnTI22FIRM6ylNW8G4Ap0IEOyk62fhLSD0+uHRT9McRCLGpkVNvao4bjimpK/GShynyQkFFxHhwMcETmduA==",
      "license": "MIT",
      "engines": {
        "node": ">=14"
      }
    },
    "node_modules/data-uri-to-buffer": {
      "version": "4.0.1",
      "resolved": "https://registry.npmmirror.com/data-uri-to-buffer/-/data-uri-to-buffer-4.0.1.tgz",
      "integrity": "sha512-0R9ikRb668HB7QDxT1vkpuUBtqc53YyAwMwGeUFKRojY/NWKvdZ+9UYtRfGmhqNbRkTSVpMbmyhXipFFv2cb/A==",
      "license": "MIT",
      "engines": {
        "node": ">= 12"
      }
    },
    "node_modules/fetch-blob": {
      "version": "3.2.0",
      "resolved": "https://registry.npmmirror.com/fetch-blob/-/fetch-blob-3.2.0.tgz",
      "integrity": "sha512-7yAQpD2UMJzLi1Dqv7qFYnPbaPx7ZfFK6PiIxQ4PfkGPyNyl2Ugx+a/umUonmKqjhM4DnfbMvdX6otXq83soQQ==",
      "funding": [
        {
          "type": "github",
          "url": "https://github.com/sponsors/jimmywarting"
        },
        {
          "type": "paypal",
          "url": "https://paypal.me/jimmywarting"
        }
      ],
      "license": "MIT",
      "dependencies": {
        "node-domexception": "^1.0.0",
        "web-streams-polyfill": "^3.0.3"
      },
      "engines": {
        "node": "^12.20 || >= 14.13"
      }
    },
    "node_modules/formdata-polyfill": {
      "version": "4.0.10",
      "resolved": "https://registry.npmmirror.com/formdata-polyfill/-/formdata-polyfill-4.0.10.tgz",
      "integrity": "sha512-buewHzMvYL29jdeQTVILecSaZKnt/RJWjoZCF5OW60Z67/GmSLBkOFM7qh1PI3zFNtJbaZL5eQu1vLfazOwj4g==",
      "license": "MIT",
      "dependencies": {
        "fetch-blob": "^3.1.2"
      },
      "engines": {
        "node": ">=12.20.0"
      }
    },
    "node_modules/ini": {
      "version": "3.0.1",
      "resolved": "https://registry.npmmirror.com/ini/-/ini-3.0.1.tgz",
      "integrity": "sha512-it4HyVAUTKBc6m8e1iXWvXSTdndF7HbdN713+kvLrymxTaU4AUBWrJ4vEooP+V7fexnVD3LKcBshjGGPefSMUQ==",
      "license": "ISC",
      "engines": {
        "node": "^12.13.0 || ^14.15.0 || >=16.0.0"
      }
    },
    "node_modules/node-domexception": {
      "version": "1.0.0",
      "resolved": "https://registry.npmmirror.com/node-domexception/-/node-domexception-1.0.0.tgz",
      "integrity": "sha512-/jKZoMpw0F8GRwl4/eLROPA3cfcXtLApP0QzLmUT/HuPCZWyB7IY9ZrMeKw2O/nFIqPQB3PVM9aYm0F312AXDQ==",
      "funding": [
        {
          "type": "github",
          "url": "https://github.com/sponsors/jimmywarting"
        },
        {
          "type": "github",
          "url": "https://paypal.me/jimmywarting"
        }
      ],
      "license": "MIT",
      "engines": {
        "node": ">=10.5.0"
      }
    },
    "node_modules/node-fetch": {
      "version": "3.3.0",
      "resolved": "https://registry.npmmirror.com/node-fetch/-/node-fetch-3.3.0.tgz",
      "integrity": "sha512-BKwRP/O0UvoMKp7GNdwPlObhYGB5DQqwhEDQlNKuoqwVYSxkSZCSbHjnFFmUEtwSKRPU4kNK8PbDYYitwaE3QA==",
      "license": "MIT",
      "dependencies": {
        "data-uri-to-buffer": "^4.0.0",
        "fetch-blob": "^3.1.4",
        "formdata-polyfill": "^4.0.10"
      },
      "engines": {
        "node": "^12.20.0 || ^14.13.1 || >=16.0.0"
      },
      "funding": {
        "type": "opencollective",
        "url": "https://opencollective.com/node-fetch"
      }
    },
    "node_modules/pmt-cli": {
      "version": "1.0.8",
      "resolved": "https://registry.npmmirror.com/pmt-cli/-/pmt-cli-1.0.8.tgz",
      "integrity": "sha512-nxZsaMtVOW5OhVAFlpDF/aP7i8XVZQbV9BPJV7qsKXkCKvfoud6PJyJ5BrbDZGv90YevaOE11WOS56DGm8CxTw==",
      "license": "ISC",
      "dependencies": {
        "chalk": "^5.2.0",
        "commander": "^10.0.0",
        "ini": "^3.0.1",
        "node-fetch": "^3.3.0",
        "pmt-cli": "^1.0.5"
      },
      "bin": {
        "pmt": "bin/index.js"
      }
    },
    "node_modules/web-streams-polyfill": {
      "version": "3.2.1",
      "resolved": "https://registry.npmmirror.com/web-streams-polyfill/-/web-streams-polyfill-3.2.1.tgz",
      "integrity": "sha512-e0MO3wdXWKrLbL0DgGnUV7WHVuw9OUvL4hjgnPkIeEvESk74gAITi5G606JtZPp39cd8HA9VQzCIvA49LpPN5Q==",
      "license": "MIT",
      "engines": {
        "node": ">= 8"
      }
    }
  },
  "dependencies": {
    "chalk": {
      "version": "5.2.0",
      "resolved": "https://registry.npmmirror.com/chalk/-/chalk-5.2.0.tgz",
      "integrity": "sha512-ree3Gqw/nazQAPuJJEy+avdl7QfZMcUvmHIKgEZkGL+xOBzRvup5Hxo6LHuMceSxOabuJLJm5Yp/92R9eMmMvA=="
    },
    "commander": {
      "version": "10.0.0",
      "resolved": "https://registry.npmmirror.com/commander/-/commander-10.0.0.tgz",
      "integrity": "sha512-zS5PnTI22FIRM6ylNW8G4Ap0IEOyk62fhLSD0+uHRT9McRCLGpkVNvao4bjimpK/GShynyQkFFxHhwMcETmduA=="
    },
    "data-uri-to-buffer": {
      "version": "4.0.1",
      "resolved": "https://registry.npmmirror.com/data-uri-to-buffer/-/data-uri-to-buffer-4.0.1.tgz",
      "integrity": "sha512-0R9ikRb668HB7QDxT1vkpuUBtqc53YyAwMwGeUFKRojY/NWKvdZ+9UYtRfGmhqNbRkTSVpMbmyhXipFFv2cb/A=="
    },
    "fetch-blob": {
      "version": "3.2.0",
      "resolved": "https://registry.npmmirror.com/fetch-blob/-/fetch-blob-3.2.0.tgz",
      "integrity": "sha512-7yAQpD2UMJzLi1Dqv7qFYnPbaPx7ZfFK6PiIxQ4PfkGPyNyl2Ugx+a/umUonmKqjhM4DnfbMvdX6otXq83soQQ==",
      "requires": {
        "node-domexception": "^1.0.0",
        "web-streams-polyfill": "^3.0.3"
      }
    },
    "formdata-polyfill": {
      "version": "4.0.10",
      "resolved": "https://registry.npmmirror.com/formdata-polyfill/-/formdata-polyfill-4.0.10.tgz",
      "integrity": "sha512-buewHzMvYL29jdeQTVILecSaZKnt/RJWjoZCF5OW60Z67/GmSLBkOFM7qh1PI3zFNtJbaZL5eQu1vLfazOwj4g==",
      "requires": {
        "fetch-blob": "^3.1.2"
      }
    },
    "ini": {
      "version": "3.0.1",
      "resolved": "https://registry.npmmirror.com/ini/-/ini-3.0.1.tgz",
      "integrity": "sha512-it4HyVAUTKBc6m8e1iXWvXSTdndF7HbdN713+kvLrymxTaU4AUBWrJ4vEooP+V7fexnVD3LKcBshjGGPefSMUQ=="
    },
    "node-domexception": {
      "version": "1.0.0",
      "resolved": "https://registry.npmmirror.com/node-domexception/-/node-domexception-1.0.0.tgz",
      "integrity": "sha512-/jKZoMpw0F8GRwl4/eLROPA3cfcXtLApP0QzLmUT/HuPCZWyB7IY9ZrMeKw2O/nFIqPQB3PVM9aYm0F312AXDQ=="
    },
    "node-fetch": {
      "version": "3.3.0",
      "resolved": "https://registry.npmmirror.com/node-fetch/-/node-fetch-3.3.0.tgz",
      "integrity": "sha512-BKwRP/O0UvoMKp7GNdwPlObhYGB5DQqwhEDQlNKuoqwVYSxkSZCSbHjnFFmUEtwSKRPU4kNK8PbDYYitwaE3QA==",
      "requires": {
        "data-uri-to-buffer": "^4.0.0",
        "fetch-blob": "^3.1.4",
        "formdata-polyfill": "^4.0.10"
      }
    },
    "pmt-cli": {
      "version": "1.0.8",
      "resolved": "https://registry.npmmirror.com/pmt-cli/-/pmt-cli-1.0.8.tgz",
      "integrity": "sha512-nxZsaMtVOW5OhVAFlpDF/aP7i8XVZQbV9BPJV7qsKXkCKvfoud6PJyJ5BrbDZGv90YevaOE11WOS56DGm8CxTw==",
      "requires": {
        "chalk": "^5.2.0",
        "commander": "^10.0.0",
        "ini": "^3.0.1",
        "node-fetch": "^3.3.0",
        "pmt-cli": "^1.0.5"
      }
    },
    "web-streams-polyfill": {
      "version": "3.2.1",
      "resolved": "https://registry.npmmirror.com/web-streams-polyfill/-/web-streams-polyfill-3.2.1.tgz",
      "integrity": "sha512-e0MO3wdXWKrLbL0DgGnUV7WHVuw9OUvL4hjgnPkIeEvESk74gAITi5G606JtZPp39cd8HA9VQzCIvA49LpPN5Q=="
    }
  }
}
